
Microsoft Visual Studio Solution File, Format Version 12.00
# Visual Studio Version 17
VisualStudioVersion = 17.14.36429.23
MinimumVisualStudioVersion = 10.0.40219.1
Project("{54A90642-561A-4BB1-A94E-469ADEE60C69}") = "algovis.client", "algovis.client\algovis.client.esproj", "{12EA0CF6-609F-2749-51A7-98DBF4F83017}"
EndProject
Project("{FAE04EC0-301F-11D3-BF4B-00C04F79EFBC}") = "AlgoVis.Server", "AlgoVis.Server\AlgoVis.Server.csproj", "{A5E19428-C0C5-4CC2-B441-9E7DD71CDA8C}"
EndProject
Project("{FAE04EC0-301F-11D3-BF4B-00C04F79EFBC}") = "AlgoVis.Core", "Core\AlgoVis.Core.csproj", "{EF72B2C4-460C-42E8-B188-D0739E7ECB6F}"
EndProject
Project("{FAE04EC0-301F-11D3-BF4B-00C04F79EFBC}") = "AlgoVis.Models", "AlgoVis.Models\AlgoVis.Models.csproj", "{D1A53911-6FD0-466B-A939-C38C634CDF83}"
EndProject
Project("{FAE04EC0-301F-11D3-BF4B-00C04F79EFBC}") = "AlgoVis.Evaluator", "AlgoVis.Evaluator\AlgoVis.Evaluator.csproj", "{1220F0B4-3932-4633-A621-D81911F91022}"
EndProject
Project("{888888A0-9F3D-457C-B088-3A5042F75D52}") = "PythonAnalizations", "PythonAnalizations\PythonAnalizations.pyproj", "{514C26DA-53EE-4890-BBFB-5B0178151413}"
EndProject
Global
	GlobalSection(SolutionConfigurationPlatforms) = preSolution
		Debug|Any CPU = Debug|Any CPU
		Release|Any CPU = Release|Any CPU
	EndGlobalSection
	GlobalSection(ProjectConfigurationPlatforms) = postSolution
		{12EA0CF6-609F-2749-51A7-98DBF4F83017}.Debug|Any CPU.ActiveCfg = Debug|Any CPU
		{12EA0CF6-609F-2749-51A7-98DBF4F83017}.Debug|Any CPU.Build.0 = Debug|Any CPU
		{12EA0CF6-609F-2749-51A7-98DBF4F83017}.Debug|Any CPU.Deploy.0 = Debug|Any CPU
		{12EA0CF6-609F-2749-51A7-98DBF4F83017}.Release|Any CPU.ActiveCfg = Release|Any CPU
		{12EA0CF6-609F-2749-51A7-98DBF4F83017}.Release|Any CPU.Build.0 = Release|Any CPU
		{12EA0CF6-609F-2749-51A7-98DBF4F83017}.Release|Any CPU.Deploy.0 = Release|Any CPU
		{A5E19428-C0C5-4CC2-B441-9E7DD71CDA8C}.Debug|Any CPU.ActiveCfg = Debug|Any CPU
		{A5E19428-C0C5-4CC2-B441-9E7DD71CDA8C}.Debug|Any CPU.Build.0 = Debug|Any CPU
		{A5E19428-C0C5-4CC2-B441-9E7DD71CDA8C}.Release|Any CPU.ActiveCfg = Release|Any CPU
		{A5E19428-C0C5-4CC2-B441-9E7DD71CDA8C}.Release|Any CPU.Build.0 = Release|Any CPU
		{EF72B2C4-460C-42E8-B188-D0739E7ECB6F}.Debug|Any CPU.ActiveCfg = Debug|Any CPU
		{EF72B2C4-460C-42E8-B188-D0739E7ECB6F}.Debug|Any CPU.Build.0 = Debug|Any CPU
		{EF72B2C4-460C-42E8-B188-D0739E7ECB6F}.Release|Any CPU.ActiveCfg = Release|Any CPU
		{EF72B2C4-460C-42E8-B188-D0739E7ECB6F}.Release|Any CPU.Build.0 = Release|Any CPU
		{D1A53911-6FD0-466B-A939-C38C634CDF83}.Debug|Any CPU.ActiveCfg = Debug|Any CPU
		{D1A53911-6FD0-466B-A939-C38C634CDF83}.Debug|Any CPU.Build.0 = Debug|Any CPU
		{D1A53911-6FD0-466B-A939-C38C634CDF83}.Release|Any CPU.ActiveCfg = Release|Any CPU
		{D1A53911-6FD0-466B-A939-C38C634CDF83}.Release|Any CPU.Build.0 = Release|Any CPU
		{1220F0B4-3932-4633-A621-D81911F91022}.Debug|Any CPU.ActiveCfg = Debug|Any CPU
		{1220F0B4-3932-4633-A621-D81911F91022}.Debug|Any CPU.Build.0 = Debug|Any CPU
		{1220F0B4-3932-4633-A621-D81911F91022}.Release|Any CPU.ActiveCfg = Release|Any CPU
		{1220F0B4-3932-4633-A621-D81911F91022}.Release|Any CPU.Build.0 = Release|Any CPU
		{514C26DA-53EE-4890-BBFB-5B0178151413}.Debug|Any CPU.ActiveCfg = Debug|Any CPU
		{514C26DA-53EE-4890-BBFB-5B0178151413}.Release|Any CPU.ActiveCfg = Release|Any CPU
	EndGlobalSection
	GlobalSection(SolutionProperties) = preSolution
		HideSolutionNode = FALSE
	EndGlobalSection
	GlobalSection(ExtensibilityGlobals) = postSolution
		SolutionGuid = {9763E0F0-2AA6-445A-9C96-CB511B4F099F}
	EndGlobalSection
EndGlobal
